
Microsoft Visual Studio Solution File, Format Version 12.00
# Visual Studio Version 16
VisualStudioVersion = 16.0.30011.22
MinimumVisualStudioVersion = 10.0.40219.1
Project("{FAE04EC0-301F-11D3-BF4B-00C04F79EFBC}") = "HomeownerNames", "HomeownerNames\HomeownerNames.csproj", "{E9702EAB-8C03-48C1-9239-E6A84985A8EE}"
EndProject
Project("{FAE04EC0-301F-11D3-BF4B-00C04F79EFBC}") = "HomeownerNames.Tests", "HomeownerNames.Tests\HomeownerNames.Tests.csproj", "{C3806365-A472-4826-979E-108DFC52CC72}"
EndProject
Project("{2150E333-8FDC-42A3-9474-1A3956D46DE8}") = "Solution Items", "Solution Items", "{9F3FE0C5-606F-4749-A1DD-DA0C4FD0BEE5}"
	ProjectSection(SolutionItems) = preProject
		examples.csv = examples.csv
		Readme.md = Readme.md
	EndProjectSection
EndProject
Global
	GlobalSection(SolutionConfigurationPlatforms) = preSolution
		Debug|Any CPU = Debug|Any CPU
		Release|Any CPU = Release|Any CPU
	EndGlobalSection
	GlobalSection(ProjectConfigurationPlatforms) = postSolution
		{E9702EAB-8C03-48C1-9239-E6A84985A8EE}.Debug|Any CPU.ActiveCfg = Debug|Any CPU
		{E9702EAB-8C03-48C1-9239-E6A84985A8EE}.Debug|Any CPU.Build.0 = Debug|Any CPU
		{E9702EAB-8C03-48C1-9239-E6A84985A8EE}.Release|Any CPU.ActiveCfg = Release|Any CPU
		{E9702EAB-8C03-48C1-9239-E6A84985A8EE}.Release|Any CPU.Build.0 = Release|Any CPU
		{C3806365-A472-4826-979E-108DFC52CC72}.Debug|Any CPU.ActiveCfg = Debug|Any CPU
		{C3806365-A472-4826-979E-108DFC52CC72}.Debug|Any CPU.Build.0 = Debug|Any CPU
		{C3806365-A472-4826-979E-108DFC52CC72}.Release|Any CPU.ActiveCfg = Release|Any CPU
		{C3806365-A472-4826-979E-108DFC52CC72}.Release|Any CPU.Build.0 = Release|Any CPU
	EndGlobalSection
	GlobalSection(SolutionProperties) = preSolution
		HideSolutionNode = FALSE
	EndGlobalSection
	GlobalSection(ExtensibilityGlobals) = postSolution
		SolutionGuid = {EA31F2CD-F194-4C49-9C7C-705658C85461}
	EndGlobalSection
EndGlobal
